
Microsoft Visual Studio Solution File, Format Version 12.00
Project("{FAE04EC0-301F-11D3-BF4B-00C04F79EFBC}") = "LangCardsAPI", "LangCardsAPI\LangCardsAPI.csproj", "{0A52351B-2B6A-4546-A257-730DF158EF69}"
EndProject
Project("{FAE04EC0-301F-11D3-BF4B-00C04F79EFBC}") = "LangCardsDomain", "LangCardsDomain\LangCardsDomain.csproj", "{E5599399-EC21-44D7-A1E1-082CB0E15165}"
EndProject
Project("{FAE04EC0-301F-11D3-BF4B-00C04F79EFBC}") = "LangCardsInfrastructure", "LangCardsInfrastructure\LangCardsInfrastructure.csproj", "{B52731C1-BA13-413B-97F8-F18F3313023C}"
EndProject
Project("{FAE04EC0-301F-11D3-BF4B-00C04F79EFBC}") = "LangCardsApplication", "LangCardsApplication\LangCardsApplication.csproj", "{8A6B75EA-58E9-43D2-81D5-0B395AD9B919}"
EndProject
Project("{FAE04EC0-301F-11D3-BF4B-00C04F79EFBC}") = "LangCardsPersistence", "LangCardsPersistence\LangCardsPersistence.csproj", "{8832A34E-0E02-4A12-B750-A4A2A894BBA6}"
EndProject
Global
	GlobalSection(SolutionConfigurationPlatforms) = preSolution
		Debug|Any CPU = Debug|Any CPU
		Release|Any CPU = Release|Any CPU
	EndGlobalSection
	GlobalSection(ProjectConfigurationPlatforms) = postSolution
		{0A52351B-2B6A-4546-A257-730DF158EF69}.Debug|Any CPU.ActiveCfg = Debug|Any CPU
		{0A52351B-2B6A-4546-A257-730DF158EF69}.Debug|Any CPU.Build.0 = Debug|Any CPU
		{0A52351B-2B6A-4546-A257-730DF158EF69}.Release|Any CPU.ActiveCfg = Release|Any CPU
		{0A52351B-2B6A-4546-A257-730DF158EF69}.Release|Any CPU.Build.0 = Release|Any CPU
		{E5599399-EC21-44D7-A1E1-082CB0E15165}.Debug|Any CPU.ActiveCfg = Debug|Any CPU
		{E5599399-EC21-44D7-A1E1-082CB0E15165}.Debug|Any CPU.Build.0 = Debug|Any CPU
		{E5599399-EC21-44D7-A1E1-082CB0E15165}.Release|Any CPU.ActiveCfg = Release|Any CPU
		{E5599399-EC21-44D7-A1E1-082CB0E15165}.Release|Any CPU.Build.0 = Release|Any CPU
		{B52731C1-BA13-413B-97F8-F18F3313023C}.Debug|Any CPU.ActiveCfg = Debug|Any CPU
		{B52731C1-BA13-413B-97F8-F18F3313023C}.Debug|Any CPU.Build.0 = Debug|Any CPU
		{B52731C1-BA13-413B-97F8-F18F3313023C}.Release|Any CPU.ActiveCfg = Release|Any CPU
		{B52731C1-BA13-413B-97F8-F18F3313023C}.Release|Any CPU.Build.0 = Release|Any CPU
		{8A6B75EA-58E9-43D2-81D5-0B395AD9B919}.Debug|Any CPU.ActiveCfg = Debug|Any CPU
		{8A6B75EA-58E9-43D2-81D5-0B395AD9B919}.Debug|Any CPU.Build.0 = Debug|Any CPU
		{8A6B75EA-58E9-43D2-81D5-0B395AD9B919}.Release|Any CPU.ActiveCfg = Release|Any CPU
		{8A6B75EA-58E9-43D2-81D5-0B395AD9B919}.Release|Any CPU.Build.0 = Release|Any CPU
		{8832A34E-0E02-4A12-B750-A4A2A894BBA6}.Debug|Any CPU.ActiveCfg = Debug|Any CPU
		{8832A34E-0E02-4A12-B750-A4A2A894BBA6}.Debug|Any CPU.Build.0 = Debug|Any CPU
		{8832A34E-0E02-4A12-B750-A4A2A894BBA6}.Release|Any CPU.ActiveCfg = Release|Any CPU
		{8832A34E-0E02-4A12-B750-A4A2A894BBA6}.Release|Any CPU.Build.0 = Release|Any CPU
	EndGlobalSection
EndGlobal
